
Microsoft Visual Studio Solution File, Format Version 11.00
# Visual Studio 2010
Project("{FAE04EC0-301F-11D3-BF4B-00C04F79EFBC}") = "RobotPathPlanShow", "RobotPathPlanShow\RobotPathPlanShow.csproj", "{491DFD91-AA99-4FB5-B10A-1744D0BF0103}"
	ProjectSection(ProjectDependencies) = postProject
		{0CD3C213-B692-4A2E-A0A4-A4FF32403742} = {0CD3C213-B692-4A2E-A0A4-A4FF32403742}
	EndProjectSection
EndProject
Project("{8BC9CEB8-8B4A-11D0-8D11-00A0C91BC942}") = "RobotPathPlanDll", "RobotPathPlanDll\RobotPathPlanDll.vcxproj", "{0CD3C213-B692-4A2E-A0A4-A4FF32403742}"
EndProject
Global
	GlobalSection(SolutionConfigurationPlatforms) = preSolution
		Debug|Mixed Platforms = Debug|Mixed Platforms
		Debug|Win32 = Debug|Win32
		Debug|x86 = Debug|x86
		Release|Mixed Platforms = Release|Mixed Platforms
		Release|Win32 = Release|Win32
		Release|x86 = Release|x86
	EndGlobalSection
	GlobalSection(ProjectConfigurationPlatforms) = postSolution
		{491DFD91-AA99-4FB5-B10A-1744D0BF0103}.Debug|Mixed Platforms.ActiveCfg = Debug|x86
		{491DFD91-AA99-4FB5-B10A-1744D0BF0103}.Debug|Mixed Platforms.Build.0 = Debug|x86
		{491DFD91-AA99-4FB5-B10A-1744D0BF0103}.Debug|Win32.ActiveCfg = Debug|x86
		{491DFD91-AA99-4FB5-B10A-1744D0BF0103}.Debug|Win32.Build.0 = Debug|x86
		{491DFD91-AA99-4FB5-B10A-1744D0BF0103}.Debug|x86.ActiveCfg = Debug|x86
		{491DFD91-AA99-4FB5-B10A-1744D0BF0103}.Debug|x86.Build.0 = Debug|x86
		{491DFD91-AA99-4FB5-B10A-1744D0BF0103}.Release|Mixed Platforms.ActiveCfg = Release|x86
		{491DFD91-AA99-4FB5-B10A-1744D0BF0103}.Release|Mixed Platforms.Build.0 = Release|x86
		{491DFD91-AA99-4FB5-B10A-1744D0BF0103}.Release|Win32.ActiveCfg = Release|x86
		{491DFD91-AA99-4FB5-B10A-1744D0BF0103}.Release|Win32.Build.0 = Release|x86
		{491DFD91-AA99-4FB5-B10A-1744D0BF0103}.Release|x86.ActiveCfg = Release|x86
		{491DFD91-AA99-4FB5-B10A-1744D0BF0103}.Release|x86.Build.0 = Release|x86
		{0CD3C213-B692-4A2E-A0A4-A4FF32403742}.Debug|Mixed Platforms.ActiveCfg = Debug|Win32
		{0CD3C213-B692-4A2E-A0A4-A4FF32403742}.Debug|Mixed Platforms.Build.0 = Debug|Win32
		{0CD3C213-B692-4A2E-A0A4-A4FF32403742}.Debug|Win32.ActiveCfg = Debug|Win32
		{0CD3C213-B692-4A2E-A0A4-A4FF32403742}.Debug|Win32.Build.0 = Debug|Win32
		{0CD3C213-B692-4A2E-A0A4-A4FF32403742}.Debug|x86.ActiveCfg = Debug|Win32
		{0CD3C213-B692-4A2E-A0A4-A4FF32403742}.Release|Mixed Platforms.ActiveCfg = Release|Win32
		{0CD3C213-B692-4A2E-A0A4-A4FF32403742}.Release|Mixed Platforms.Build.0 = Release|Win32
		{0CD3C213-B692-4A2E-A0A4-A4FF32403742}.Release|Win32.ActiveCfg = Release|Win32
		{0CD3C213-B692-4A2E-A0A4-A4FF32403742}.Release|Win32.Build.0 = Release|Win32
		{0CD3C213-B692-4A2E-A0A4-A4FF32403742}.Release|x86.ActiveCfg = Release|Win32
	EndGlobalSection
	GlobalSection(SolutionProperties) = preSolution
		HideSolutionNode = FALSE
	EndGlobalSection
EndGlobal
